
Microsoft Visual Studio Solution File, Format Version 12.00
# Visual Studio 15
VisualStudioVersion = 15.0.26228.12
MinimumVisualStudioVersion = 10.0.40219.1
Project("{2150E333-8FDC-42A3-9474-1A3956D46DE8}") = "Solution Items", "Solution Items", "{19124D6C-E025-42C6-98AF-32983D5DB875}"
	ProjectSection(SolutionItems) = preProject
		global.json = global.json
		NuGet.Config = NuGet.Config
	EndProjectSection
EndProject
Project("{9A19103F-16F7-4668-BE54-9A1E7A4F7556}") = "GeoJSON.Net.Roslyn", "GeoJSON.Net\GeoJSON.Net.Roslyn.csproj", "{1DAE5309-C536-435E-9D9C-3BE089A3C404}"
EndProject
Global
	GlobalSection(SolutionConfigurationPlatforms) = preSolution
		Debug|Any CPU = Debug|Any CPU
		Debug|x64 = Debug|x64
		Debug|x86 = Debug|x86
		Release|Any CPU = Release|Any CPU
		Release|x64 = Release|x64
		Release|x86 = Release|x86
	EndGlobalSection
	GlobalSection(ProjectConfigurationPlatforms) = postSolution
		{1DAE5309-C536-435E-9D9C-3BE089A3C404}.Debug|Any CPU.ActiveCfg = Debug|Any CPU
		{1DAE5309-C536-435E-9D9C-3BE089A3C404}.Debug|Any CPU.Build.0 = Debug|Any CPU
		{1DAE5309-C536-435E-9D9C-3BE089A3C404}.Debug|x64.ActiveCfg = Debug|Any CPU
		{1DAE5309-C536-435E-9D9C-3BE089A3C404}.Debug|x64.Build.0 = Debug|Any CPU
		{1DAE5309-C536-435E-9D9C-3BE089A3C404}.Debug|x86.ActiveCfg = Debug|Any CPU
		{1DAE5309-C536-435E-9D9C-3BE089A3C404}.Debug|x86.Build.0 = Debug|Any CPU
		{1DAE5309-C536-435E-9D9C-3BE089A3C404}.Release|Any CPU.ActiveCfg = Release|Any CPU
		{1DAE5309-C536-435E-9D9C-3BE089A3C404}.Release|Any CPU.Build.0 = Release|Any CPU
		{1DAE5309-C536-435E-9D9C-3BE089A3C404}.Release|x64.ActiveCfg = Release|Any CPU
		{1DAE5309-C536-435E-9D9C-3BE089A3C404}.Release|x64.Build.0 = Release|Any CPU
		{1DAE5309-C536-435E-9D9C-3BE089A3C404}.Release|x86.ActiveCfg = Release|Any CPU
	EndGlobalSection
	GlobalSection(SolutionProperties) = preSolution
		HideSolutionNode = FALSE
	EndGlobalSection
EndGlobal
