
Microsoft Visual Studio Solution File, Format Version 12.00
# Visual Studio 15
VisualStudioVersion = 15.0.26403.7
Project("{9A19103F-16F7-4668-BE54-9A1E7A4F7556}") = "GeoJSON.Net", "GeoJSON.Net\GeoJSON.Net.csproj", "{F640DE4C-A28A-4A3B-B394-32190199D194}"
EndProject
Project("{9A19103F-16F7-4668-BE54-9A1E7A4F7556}") = "GeoJSON.Net.Tests", "GeoJSON.Net.Tests\GeoJSON.Net.Tests.csproj", "{9390ECC0-9FF1-4BD2-8D36-1C72EE0AA5BF}"
EndProject
Global
	GlobalSection(SolutionConfigurationPlatforms) = preSolution
		Debug|Any CPU = Debug|Any CPU
		Release|Any CPU = Release|Any CPU
	EndGlobalSection
	GlobalSection(ProjectConfigurationPlatforms) = postSolution
		{F640DE4C-A28A-4A3B-B394-32190199D194}.Debug|Any CPU.ActiveCfg = Debug|Any CPU
		{F640DE4C-A28A-4A3B-B394-32190199D194}.Debug|Any CPU.Build.0 = Debug|Any CPU
		{F640DE4C-A28A-4A3B-B394-32190199D194}.Release|Any CPU.ActiveCfg = Release|Any CPU
		{F640DE4C-A28A-4A3B-B394-32190199D194}.Release|Any CPU.Build.0 = Release|Any CPU
		{9390ECC0-9FF1-4BD2-8D36-1C72EE0AA5BF}.Debug|Any CPU.ActiveCfg = Debug|Any CPU
		{9390ECC0-9FF1-4BD2-8D36-1C72EE0AA5BF}.Debug|Any CPU.Build.0 = Debug|Any CPU
		{9390ECC0-9FF1-4BD2-8D36-1C72EE0AA5BF}.Release|Any CPU.ActiveCfg = Release|Any CPU
		{9390ECC0-9FF1-4BD2-8D36-1C72EE0AA5BF}.Release|Any CPU.Build.0 = Release|Any CPU
	EndGlobalSection
	GlobalSection(SolutionProperties) = preSolution
		HideSolutionNode = FALSE
	EndGlobalSection
EndGlobal
